
Microsoft Visual Studio Solution File, Format Version 12.00
# Visual Studio 15
VisualStudioVersion = 15.0.27130.2024
MinimumVisualStudioVersion = 10.0.40219.1
Project("{FAE04EC0-301F-11D3-BF4B-00C04F79EFBC}") = "CenturiesToMinutes", "CenturiesToMinutes\CenturiesToMinutes.csproj", "{A6DA6198-D77C-49A1-ADDE-CF79127E26FB}"
EndProject
Project("{FAE04EC0-301F-11D3-BF4B-00C04F79EFBC}") = "CircleArea", "CircleArea\CircleArea.csproj", "{86CA9F03-4BA0-4F87-8640-5009BB0C7983}"
EndProject
Project("{FAE04EC0-301F-11D3-BF4B-00C04F79EFBC}") = "ExactSumofRealNumbers", "ExactSumofRealNumbers\ExactSumofRealNumbers.csproj", "{95E7FDEE-ABE9-4323-ACEA-226D90F27D47}"
EndProject
Project("{FAE04EC0-301F-11D3-BF4B-00C04F79EFBC}") = "Elevator", "Elevator\Elevator.csproj", "{F2AAB388-B376-4AA7-90A5-1307BAEA6BB2}"
EndProject
Project("{FAE04EC0-301F-11D3-BF4B-00C04F79EFBC}") = "SpecialNumbers", "SpecialNumbers\SpecialNumbers.csproj", "{35FB2FE6-2FE4-426B-A6DC-7503B4BB5DC4}"
EndProject
Project("{FAE04EC0-301F-11D3-BF4B-00C04F79EFBC}") = "TriplesofLatinLetters", "TriplesofLatinLetters\TriplesofLatinLetters.csproj", "{409ABF3E-5BB2-4EB5-90F2-A0EF7BD9FA77}"
EndProject
Project("{FAE04EC0-301F-11D3-BF4B-00C04F79EFBC}") = "Greeting", "Greeting\Greeting.csproj", "{CC132CBC-D511-4C1A-841C-DD6C4FC59B16}"
EndProject
Project("{FAE04EC0-301F-11D3-BF4B-00C04F79EFBC}") = "RefactorVolumeOfPyramid", "RefactorVolumeOfPyramid\RefactorVolumeOfPyramid.csproj", "{0B804C69-3372-4327-9B45-91DF05ED062A}"
EndProject
Project("{FAE04EC0-301F-11D3-BF4B-00C04F79EFBC}") = "RefactorSpecialNumbers", "RefactorSpecialNumbers\RefactorSpecialNumbers.csproj", "{B92E0057-80A0-4CA3-871A-95F0957C803E}"
EndProject
Global
	GlobalSection(SolutionConfigurationPlatforms) = preSolution
		Debug|Any CPU = Debug|Any CPU
		Release|Any CPU = Release|Any CPU
	EndGlobalSection
	GlobalSection(ProjectConfigurationPlatforms) = postSolution
		{A6DA6198-D77C-49A1-ADDE-CF79127E26FB}.Debug|Any CPU.ActiveCfg = Debug|Any CPU
		{A6DA6198-D77C-49A1-ADDE-CF79127E26FB}.Debug|Any CPU.Build.0 = Debug|Any CPU
		{A6DA6198-D77C-49A1-ADDE-CF79127E26FB}.Release|Any CPU.ActiveCfg = Release|Any CPU
		{A6DA6198-D77C-49A1-ADDE-CF79127E26FB}.Release|Any CPU.Build.0 = Release|Any CPU
		{86CA9F03-4BA0-4F87-8640-5009BB0C7983}.Debug|Any CPU.ActiveCfg = Debug|Any CPU
		{86CA9F03-4BA0-4F87-8640-5009BB0C7983}.Debug|Any CPU.Build.0 = Debug|Any CPU
		{86CA9F03-4BA0-4F87-8640-5009BB0C7983}.Release|Any CPU.ActiveCfg = Release|Any CPU
		{86CA9F03-4BA0-4F87-8640-5009BB0C7983}.Release|Any CPU.Build.0 = Release|Any CPU
		{95E7FDEE-ABE9-4323-ACEA-226D90F27D47}.Debug|Any CPU.ActiveCfg = Debug|Any CPU
		{95E7FDEE-ABE9-4323-ACEA-226D90F27D47}.Debug|Any CPU.Build.0 = Debug|Any CPU
		{95E7FDEE-ABE9-4323-ACEA-226D90F27D47}.Release|Any CPU.ActiveCfg = Release|Any CPU
		{95E7FDEE-ABE9-4323-ACEA-226D90F27D47}.Release|Any CPU.Build.0 = Release|Any CPU
		{F2AAB388-B376-4AA7-90A5-1307BAEA6BB2}.Debug|Any CPU.ActiveCfg = Debug|Any CPU
		{F2AAB388-B376-4AA7-90A5-1307BAEA6BB2}.Debug|Any CPU.Build.0 = Debug|Any CPU
		{F2AAB388-B376-4AA7-90A5-1307BAEA6BB2}.Release|Any CPU.ActiveCfg = Release|Any CPU
		{F2AAB388-B376-4AA7-90A5-1307BAEA6BB2}.Release|Any CPU.Build.0 = Release|Any CPU
		{35FB2FE6-2FE4-426B-A6DC-7503B4BB5DC4}.Debug|Any CPU.ActiveCfg = Debug|Any CPU
		{35FB2FE6-2FE4-426B-A6DC-7503B4BB5DC4}.Debug|Any CPU.Build.0 = Debug|Any CPU
		{35FB2FE6-2FE4-426B-A6DC-7503B4BB5DC4}.Release|Any CPU.ActiveCfg = Release|Any CPU
		{35FB2FE6-2FE4-426B-A6DC-7503B4BB5DC4}.Release|Any CPU.Build.0 = Release|Any CPU
		{409ABF3E-5BB2-4EB5-90F2-A0EF7BD9FA77}.Debug|Any CPU.ActiveCfg = Debug|Any CPU
		{409ABF3E-5BB2-4EB5-90F2-A0EF7BD9FA77}.Debug|Any CPU.Build.0 = Debug|Any CPU
		{409ABF3E-5BB2-4EB5-90F2-A0EF7BD9FA77}.Release|Any CPU.ActiveCfg = Release|Any CPU
		{409ABF3E-5BB2-4EB5-90F2-A0EF7BD9FA77}.Release|Any CPU.Build.0 = Release|Any CPU
		{CC132CBC-D511-4C1A-841C-DD6C4FC59B16}.Debug|Any CPU.ActiveCfg = Debug|Any CPU
		{CC132CBC-D511-4C1A-841C-DD6C4FC59B16}.Debug|Any CPU.Build.0 = Debug|Any CPU
		{CC132CBC-D511-4C1A-841C-DD6C4FC59B16}.Release|Any CPU.ActiveCfg = Release|Any CPU
		{CC132CBC-D511-4C1A-841C-DD6C4FC59B16}.Release|Any CPU.Build.0 = Release|Any CPU
		{0B804C69-3372-4327-9B45-91DF05ED062A}.Debug|Any CPU.ActiveCfg = Debug|Any CPU
		{0B804C69-3372-4327-9B45-91DF05ED062A}.Debug|Any CPU.Build.0 = Debug|Any CPU
		{0B804C69-3372-4327-9B45-91DF05ED062A}.Release|Any CPU.ActiveCfg = Release|Any CPU
		{0B804C69-3372-4327-9B45-91DF05ED062A}.Release|Any CPU.Build.0 = Release|Any CPU
		{B92E0057-80A0-4CA3-871A-95F0957C803E}.Debug|Any CPU.ActiveCfg = Debug|Any CPU
		{B92E0057-80A0-4CA3-871A-95F0957C803E}.Debug|Any CPU.Build.0 = Debug|Any CPU
		{B92E0057-80A0-4CA3-871A-95F0957C803E}.Release|Any CPU.ActiveCfg = Release|Any CPU
		{B92E0057-80A0-4CA3-871A-95F0957C803E}.Release|Any CPU.Build.0 = Release|Any CPU
	EndGlobalSection
	GlobalSection(SolutionProperties) = preSolution
		HideSolutionNode = FALSE
	EndGlobalSection
	GlobalSection(ExtensibilityGlobals) = postSolution
		SolutionGuid = {AAFF832D-C5D0-49B2-98CE-8DCD103F06C9}
	EndGlobalSection
EndGlobal
