
Microsoft Visual Studio Solution File, Format Version 12.00
# Visual Studio 15
VisualStudioVersion = 15.0.27130.2027
MinimumVisualStudioVersion = 10.0.40219.1
Project("{FAE04EC0-301F-11D3-BF4B-00C04F79EFBC}") = "CountWorkingDays", "CountWorkingDays\CountWorkingDays.csproj", "{C116EF23-CFDC-485B-ADA0-2EC5230531FA}"
EndProject
Project("{FAE04EC0-301F-11D3-BF4B-00C04F79EFBC}") = "AdvertisementMessage", "AdvertisementMessage\AdvertisementMessage.csproj", "{A7302A9B-E9EA-4F56-8211-4A10DF763E4E}"
EndProject
Project("{FAE04EC0-301F-11D3-BF4B-00C04F79EFBC}") = "IntersectionOfCircles", "IntersectionOfCircles\IntersectionOfCircles.csproj", "{E1C6BAB0-27F2-4D0B-93ED-243AE79565C3}"
EndProject
Project("{FAE04EC0-301F-11D3-BF4B-00C04F79EFBC}") = "AverageGrades", "AverageGrades\AverageGrades.csproj", "{EC7B1688-88B2-4B89-AC74-1CE5063ABFCD}"
EndProject
Project("{FAE04EC0-301F-11D3-BF4B-00C04F79EFBC}") = "5. Book Library", "5. Book Library\5. Book Library.csproj", "{89C0BCB2-C3BF-4557-8314-CE4C98769C84}"
EndProject
Project("{FAE04EC0-301F-11D3-BF4B-00C04F79EFBC}") = "BookLibraryModification", "BookLibraryModification\BookLibraryModification.csproj", "{F6E00DD6-2158-43E1-BC1A-DFDFFC80A0D5}"
EndProject
Project("{FAE04EC0-301F-11D3-BF4B-00C04F79EFBC}") = "AndreyAndBilliard", "AndreyAndBilliard\AndreyAndBilliard.csproj", "{43A8328B-059D-42FF-9C2E-3F5163EF10F9}"
EndProject
Project("{FAE04EC0-301F-11D3-BF4B-00C04F79EFBC}") = "MentorGroup", "MentorGroup\MentorGroup.csproj", "{F65F6256-D075-4B04-BC76-5BA5224472AF}"
EndProject
Project("{FAE04EC0-301F-11D3-BF4B-00C04F79EFBC}") = "TeamworkProjects", "TeamworkProjects\TeamworkProjects.csproj", "{FF6E5801-60BD-4077-B19F-FFE0C857F1F7}"
EndProject
Project("{FAE04EC0-301F-11D3-BF4B-00C04F79EFBC}") = "StudentGroups", "StudentGroups\StudentGroups.csproj", "{2E3FD76D-0547-4854-A5CF-B6D395311689}"
EndProject
Global
	GlobalSection(SolutionConfigurationPlatforms) = preSolution
		Debug|Any CPU = Debug|Any CPU
		Release|Any CPU = Release|Any CPU
	EndGlobalSection
	GlobalSection(ProjectConfigurationPlatforms) = postSolution
		{C116EF23-CFDC-485B-ADA0-2EC5230531FA}.Debug|Any CPU.ActiveCfg = Debug|Any CPU
		{C116EF23-CFDC-485B-ADA0-2EC5230531FA}.Debug|Any CPU.Build.0 = Debug|Any CPU
		{C116EF23-CFDC-485B-ADA0-2EC5230531FA}.Release|Any CPU.ActiveCfg = Release|Any CPU
		{C116EF23-CFDC-485B-ADA0-2EC5230531FA}.Release|Any CPU.Build.0 = Release|Any CPU
		{A7302A9B-E9EA-4F56-8211-4A10DF763E4E}.Debug|Any CPU.ActiveCfg = Debug|Any CPU
		{A7302A9B-E9EA-4F56-8211-4A10DF763E4E}.Debug|Any CPU.Build.0 = Debug|Any CPU
		{A7302A9B-E9EA-4F56-8211-4A10DF763E4E}.Release|Any CPU.ActiveCfg = Release|Any CPU
		{A7302A9B-E9EA-4F56-8211-4A10DF763E4E}.Release|Any CPU.Build.0 = Release|Any CPU
		{E1C6BAB0-27F2-4D0B-93ED-243AE79565C3}.Debug|Any CPU.ActiveCfg = Debug|Any CPU
		{E1C6BAB0-27F2-4D0B-93ED-243AE79565C3}.Debug|Any CPU.Build.0 = Debug|Any CPU
		{E1C6BAB0-27F2-4D0B-93ED-243AE79565C3}.Release|Any CPU.ActiveCfg = Release|Any CPU
		{E1C6BAB0-27F2-4D0B-93ED-243AE79565C3}.Release|Any CPU.Build.0 = Release|Any CPU
		{EC7B1688-88B2-4B89-AC74-1CE5063ABFCD}.Debug|Any CPU.ActiveCfg = Debug|Any CPU
		{EC7B1688-88B2-4B89-AC74-1CE5063ABFCD}.Debug|Any CPU.Build.0 = Debug|Any CPU
		{EC7B1688-88B2-4B89-AC74-1CE5063ABFCD}.Release|Any CPU.ActiveCfg = Release|Any CPU
		{EC7B1688-88B2-4B89-AC74-1CE5063ABFCD}.Release|Any CPU.Build.0 = Release|Any CPU
		{89C0BCB2-C3BF-4557-8314-CE4C98769C84}.Debug|Any CPU.ActiveCfg = Debug|Any CPU
		{89C0BCB2-C3BF-4557-8314-CE4C98769C84}.Debug|Any CPU.Build.0 = Debug|Any CPU
		{89C0BCB2-C3BF-4557-8314-CE4C98769C84}.Release|Any CPU.ActiveCfg = Release|Any CPU
		{89C0BCB2-C3BF-4557-8314-CE4C98769C84}.Release|Any CPU.Build.0 = Release|Any CPU
		{F6E00DD6-2158-43E1-BC1A-DFDFFC80A0D5}.Debug|Any CPU.ActiveCfg = Debug|Any CPU
		{F6E00DD6-2158-43E1-BC1A-DFDFFC80A0D5}.Debug|Any CPU.Build.0 = Debug|Any CPU
		{F6E00DD6-2158-43E1-BC1A-DFDFFC80A0D5}.Release|Any CPU.ActiveCfg = Release|Any CPU
		{F6E00DD6-2158-43E1-BC1A-DFDFFC80A0D5}.Release|Any CPU.Build.0 = Release|Any CPU
		{43A8328B-059D-42FF-9C2E-3F5163EF10F9}.Debug|Any CPU.ActiveCfg = Debug|Any CPU
		{43A8328B-059D-42FF-9C2E-3F5163EF10F9}.Debug|Any CPU.Build.0 = Debug|Any CPU
		{43A8328B-059D-42FF-9C2E-3F5163EF10F9}.Release|Any CPU.ActiveCfg = Release|Any CPU
		{43A8328B-059D-42FF-9C2E-3F5163EF10F9}.Release|Any CPU.Build.0 = Release|Any CPU
		{F65F6256-D075-4B04-BC76-5BA5224472AF}.Debug|Any CPU.ActiveCfg = Debug|Any CPU
		{F65F6256-D075-4B04-BC76-5BA5224472AF}.Debug|Any CPU.Build.0 = Debug|Any CPU
		{F65F6256-D075-4B04-BC76-5BA5224472AF}.Release|Any CPU.ActiveCfg = Release|Any CPU
		{F65F6256-D075-4B04-BC76-5BA5224472AF}.Release|Any CPU.Build.0 = Release|Any CPU
		{FF6E5801-60BD-4077-B19F-FFE0C857F1F7}.Debug|Any CPU.ActiveCfg = Debug|Any CPU
		{FF6E5801-60BD-4077-B19F-FFE0C857F1F7}.Debug|Any CPU.Build.0 = Debug|Any CPU
		{FF6E5801-60BD-4077-B19F-FFE0C857F1F7}.Release|Any CPU.ActiveCfg = Release|Any CPU
		{FF6E5801-60BD-4077-B19F-FFE0C857F1F7}.Release|Any CPU.Build.0 = Release|Any CPU
		{2E3FD76D-0547-4854-A5CF-B6D395311689}.Debug|Any CPU.ActiveCfg = Debug|Any CPU
		{2E3FD76D-0547-4854-A5CF-B6D395311689}.Debug|Any CPU.Build.0 = Debug|Any CPU
		{2E3FD76D-0547-4854-A5CF-B6D395311689}.Release|Any CPU.ActiveCfg = Release|Any CPU
		{2E3FD76D-0547-4854-A5CF-B6D395311689}.Release|Any CPU.Build.0 = Release|Any CPU
	EndGlobalSection
	GlobalSection(SolutionProperties) = preSolution
		HideSolutionNode = FALSE
	EndGlobalSection
	GlobalSection(ExtensibilityGlobals) = postSolution
		SolutionGuid = {E3288921-AF25-4A1A-B9E0-96BC92F115D9}
	EndGlobalSection
EndGlobal
