
Microsoft Visual Studio Solution File, Format Version 12.00
# Visual Studio 15
VisualStudioVersion = 15.0.27130.2027
MinimumVisualStudioVersion = 10.0.40219.1
Project("{9A19103F-16F7-4668-BE54-9A1E7A4F7556}") = "Max Sequence of Equal Elements", "Max Sequence of Equal Elements\Max Sequence of Equal Elements.csproj", "{DE8516C9-D405-40A6-8291-123FA59A688B}"
EndProject
Project("{9A19103F-16F7-4668-BE54-9A1E7A4F7556}") = "Change List", "Change List\Change List.csproj", "{6F17BF6D-0B7F-4B5C-8521-E7703D906C73}"
EndProject
Project("{9A19103F-16F7-4668-BE54-9A1E7A4F7556}") = "Search for a Number", "Search for a Number\Search for a Number.csproj", "{5F48B8EA-CE5B-4B40-9EA6-19D75F5A2175}"
EndProject
Project("{9A19103F-16F7-4668-BE54-9A1E7A4F7556}") = "Longest Increasing Subsequence (LIS)", "Longest Increasing Subsequence (LIS)\Longest Increasing Subsequence (LIS).csproj", "{0A0639F5-1122-4DCB-BC94-FAD13BF3D573}"
EndProject
Project("{FAE04EC0-301F-11D3-BF4B-00C04F79EFBC}") = "Manipulator", "Manipulator\Manipulator.csproj", "{CCF17D01-308E-46D4-963B-8A5D7FDEAD99}"
EndProject
Project("{FAE04EC0-301F-11D3-BF4B-00C04F79EFBC}") = "Sum Reversed Numbers", "Sum Reversed Numbers\Sum Reversed Numbers.csproj", "{C212F912-E465-45F5-947C-677C85A933E7}"
EndProject
Project("{FAE04EC0-301F-11D3-BF4B-00C04F79EFBC}") = "Bomb Numbers", "Bomb Numbers\Bomb Numbers.csproj", "{E1B560F7-13F6-4D1A-85E8-21FB73DBE789}"
EndProject
Global
	GlobalSection(SolutionConfigurationPlatforms) = preSolution
		Debug|Any CPU = Debug|Any CPU
		Release|Any CPU = Release|Any CPU
	EndGlobalSection
	GlobalSection(ProjectConfigurationPlatforms) = postSolution
		{DE8516C9-D405-40A6-8291-123FA59A688B}.Debug|Any CPU.ActiveCfg = Debug|Any CPU
		{DE8516C9-D405-40A6-8291-123FA59A688B}.Debug|Any CPU.Build.0 = Debug|Any CPU
		{DE8516C9-D405-40A6-8291-123FA59A688B}.Release|Any CPU.ActiveCfg = Release|Any CPU
		{DE8516C9-D405-40A6-8291-123FA59A688B}.Release|Any CPU.Build.0 = Release|Any CPU
		{6F17BF6D-0B7F-4B5C-8521-E7703D906C73}.Debug|Any CPU.ActiveCfg = Debug|Any CPU
		{6F17BF6D-0B7F-4B5C-8521-E7703D906C73}.Debug|Any CPU.Build.0 = Debug|Any CPU
		{6F17BF6D-0B7F-4B5C-8521-E7703D906C73}.Release|Any CPU.ActiveCfg = Release|Any CPU
		{6F17BF6D-0B7F-4B5C-8521-E7703D906C73}.Release|Any CPU.Build.0 = Release|Any CPU
		{5F48B8EA-CE5B-4B40-9EA6-19D75F5A2175}.Debug|Any CPU.ActiveCfg = Debug|Any CPU
		{5F48B8EA-CE5B-4B40-9EA6-19D75F5A2175}.Debug|Any CPU.Build.0 = Debug|Any CPU
		{5F48B8EA-CE5B-4B40-9EA6-19D75F5A2175}.Release|Any CPU.ActiveCfg = Release|Any CPU
		{5F48B8EA-CE5B-4B40-9EA6-19D75F5A2175}.Release|Any CPU.Build.0 = Release|Any CPU
		{0A0639F5-1122-4DCB-BC94-FAD13BF3D573}.Debug|Any CPU.ActiveCfg = Debug|Any CPU
		{0A0639F5-1122-4DCB-BC94-FAD13BF3D573}.Debug|Any CPU.Build.0 = Debug|Any CPU
		{0A0639F5-1122-4DCB-BC94-FAD13BF3D573}.Release|Any CPU.ActiveCfg = Release|Any CPU
		{0A0639F5-1122-4DCB-BC94-FAD13BF3D573}.Release|Any CPU.Build.0 = Release|Any CPU
		{CCF17D01-308E-46D4-963B-8A5D7FDEAD99}.Debug|Any CPU.ActiveCfg = Debug|Any CPU
		{CCF17D01-308E-46D4-963B-8A5D7FDEAD99}.Debug|Any CPU.Build.0 = Debug|Any CPU
		{CCF17D01-308E-46D4-963B-8A5D7FDEAD99}.Release|Any CPU.ActiveCfg = Release|Any CPU
		{CCF17D01-308E-46D4-963B-8A5D7FDEAD99}.Release|Any CPU.Build.0 = Release|Any CPU
		{C212F912-E465-45F5-947C-677C85A933E7}.Debug|Any CPU.ActiveCfg = Debug|Any CPU
		{C212F912-E465-45F5-947C-677C85A933E7}.Debug|Any CPU.Build.0 = Debug|Any CPU
		{C212F912-E465-45F5-947C-677C85A933E7}.Release|Any CPU.ActiveCfg = Release|Any CPU
		{C212F912-E465-45F5-947C-677C85A933E7}.Release|Any CPU.Build.0 = Release|Any CPU
		{E1B560F7-13F6-4D1A-85E8-21FB73DBE789}.Debug|Any CPU.ActiveCfg = Debug|Any CPU
		{E1B560F7-13F6-4D1A-85E8-21FB73DBE789}.Debug|Any CPU.Build.0 = Debug|Any CPU
		{E1B560F7-13F6-4D1A-85E8-21FB73DBE789}.Release|Any CPU.ActiveCfg = Release|Any CPU
		{E1B560F7-13F6-4D1A-85E8-21FB73DBE789}.Release|Any CPU.Build.0 = Release|Any CPU
	EndGlobalSection
	GlobalSection(SolutionProperties) = preSolution
		HideSolutionNode = FALSE
	EndGlobalSection
	GlobalSection(ExtensibilityGlobals) = postSolution
		SolutionGuid = {104FC8C3-93DB-4C30-AE61-4838C76C31EE}
	EndGlobalSection
EndGlobal
