
Microsoft Visual Studio Solution File, Format Version 12.00
# Visual Studio 15
VisualStudioVersion = 15.0.27130.2027
MinimumVisualStudioVersion = 10.0.40219.1
Project("{FAE04EC0-301F-11D3-BF4B-00C04F79EFBC}") = "LargestCommonEnd", "LargestCommonEnd\LargestCommonEnd.csproj", "{37DBB38F-4374-452F-AAAF-7223847478FD}"
EndProject
Project("{FAE04EC0-301F-11D3-BF4B-00C04F79EFBC}") = "RotateAndSum", "RotateAndSum\RotateAndSum.csproj", "{A5822868-8126-43B7-B930-0FB867478E1A}"
EndProject
Project("{FAE04EC0-301F-11D3-BF4B-00C04F79EFBC}") = "FoldAndSum", "FoldAndSum\FoldAndSum.csproj", "{E0E599E9-487C-41BA-B8AF-53902D3FEBDD}"
EndProject
Project("{FAE04EC0-301F-11D3-BF4B-00C04F79EFBC}") = "SieveOfEratosthenes", "SieveOfEratosthenes\SieveOfEratosthenes.csproj", "{6A92374F-3348-4AE5-9F92-98B912B3B885}"
EndProject
Project("{FAE04EC0-301F-11D3-BF4B-00C04F79EFBC}") = "CompareCharArrays", "CompareCharArrays\CompareCharArrays.csproj", "{9AA599E8-2F00-4453-9037-D26954FD4BB8}"
EndProject
Project("{FAE04EC0-301F-11D3-BF4B-00C04F79EFBC}") = "MaxSequenceOfEqualElements", "MaxSequenceOfEqualElements\MaxSequenceOfEqualElements.csproj", "{1F3FE8D3-2E1A-4CB5-A6D8-DEF9A79E1F96}"
EndProject
Project("{FAE04EC0-301F-11D3-BF4B-00C04F79EFBC}") = "MaxSequenceOfIncreasingElements", "MaxSequenceOfIncreasingElements\MaxSequenceOfIncreasingElements.csproj", "{C4CDF705-15D7-4C22-935A-8F69FB00BA23}"
EndProject
Project("{FAE04EC0-301F-11D3-BF4B-00C04F79EFBC}") = "MostFrequentNumber", "MostFrequentNumber\MostFrequentNumber.csproj", "{7F4EC866-CBE1-466F-9D5F-7AD4E62EF9F5}"
EndProject
Project("{FAE04EC0-301F-11D3-BF4B-00C04F79EFBC}") = "IndexOfLetters", "IndexOfLetters\IndexOfLetters.csproj", "{72E929F3-6160-4631-8048-FE1745300CEC}"
EndProject
Project("{FAE04EC0-301F-11D3-BF4B-00C04F79EFBC}") = "PairsByDifference", "PairsByDifference\PairsByDifference.csproj", "{484B546E-7B72-4488-A71F-4137677328C7}"
EndProject
Project("{FAE04EC0-301F-11D3-BF4B-00C04F79EFBC}") = "EqualSums", "EqualSums\EqualSums.csproj", "{7FA0757A-1658-44DC-B7AE-5B1958FEC38E}"
EndProject
Global
	GlobalSection(SolutionConfigurationPlatforms) = preSolution
		Debug|Any CPU = Debug|Any CPU
		Release|Any CPU = Release|Any CPU
	EndGlobalSection
	GlobalSection(ProjectConfigurationPlatforms) = postSolution
		{37DBB38F-4374-452F-AAAF-7223847478FD}.Debug|Any CPU.ActiveCfg = Debug|Any CPU
		{37DBB38F-4374-452F-AAAF-7223847478FD}.Debug|Any CPU.Build.0 = Debug|Any CPU
		{37DBB38F-4374-452F-AAAF-7223847478FD}.Release|Any CPU.ActiveCfg = Release|Any CPU
		{37DBB38F-4374-452F-AAAF-7223847478FD}.Release|Any CPU.Build.0 = Release|Any CPU
		{A5822868-8126-43B7-B930-0FB867478E1A}.Debug|Any CPU.ActiveCfg = Debug|Any CPU
		{A5822868-8126-43B7-B930-0FB867478E1A}.Debug|Any CPU.Build.0 = Debug|Any CPU
		{A5822868-8126-43B7-B930-0FB867478E1A}.Release|Any CPU.ActiveCfg = Release|Any CPU
		{A5822868-8126-43B7-B930-0FB867478E1A}.Release|Any CPU.Build.0 = Release|Any CPU
		{E0E599E9-487C-41BA-B8AF-53902D3FEBDD}.Debug|Any CPU.ActiveCfg = Debug|Any CPU
		{E0E599E9-487C-41BA-B8AF-53902D3FEBDD}.Debug|Any CPU.Build.0 = Debug|Any CPU
		{E0E599E9-487C-41BA-B8AF-53902D3FEBDD}.Release|Any CPU.ActiveCfg = Release|Any CPU
		{E0E599E9-487C-41BA-B8AF-53902D3FEBDD}.Release|Any CPU.Build.0 = Release|Any CPU
		{6A92374F-3348-4AE5-9F92-98B912B3B885}.Debug|Any CPU.ActiveCfg = Debug|Any CPU
		{6A92374F-3348-4AE5-9F92-98B912B3B885}.Debug|Any CPU.Build.0 = Debug|Any CPU
		{6A92374F-3348-4AE5-9F92-98B912B3B885}.Release|Any CPU.ActiveCfg = Release|Any CPU
		{6A92374F-3348-4AE5-9F92-98B912B3B885}.Release|Any CPU.Build.0 = Release|Any CPU
		{9AA599E8-2F00-4453-9037-D26954FD4BB8}.Debug|Any CPU.ActiveCfg = Debug|Any CPU
		{9AA599E8-2F00-4453-9037-D26954FD4BB8}.Debug|Any CPU.Build.0 = Debug|Any CPU
		{9AA599E8-2F00-4453-9037-D26954FD4BB8}.Release|Any CPU.ActiveCfg = Release|Any CPU
		{9AA599E8-2F00-4453-9037-D26954FD4BB8}.Release|Any CPU.Build.0 = Release|Any CPU
		{1F3FE8D3-2E1A-4CB5-A6D8-DEF9A79E1F96}.Debug|Any CPU.ActiveCfg = Debug|Any CPU
		{1F3FE8D3-2E1A-4CB5-A6D8-DEF9A79E1F96}.Debug|Any CPU.Build.0 = Debug|Any CPU
		{1F3FE8D3-2E1A-4CB5-A6D8-DEF9A79E1F96}.Release|Any CPU.ActiveCfg = Release|Any CPU
		{1F3FE8D3-2E1A-4CB5-A6D8-DEF9A79E1F96}.Release|Any CPU.Build.0 = Release|Any CPU
		{C4CDF705-15D7-4C22-935A-8F69FB00BA23}.Debug|Any CPU.ActiveCfg = Debug|Any CPU
		{C4CDF705-15D7-4C22-935A-8F69FB00BA23}.Debug|Any CPU.Build.0 = Debug|Any CPU
		{C4CDF705-15D7-4C22-935A-8F69FB00BA23}.Release|Any CPU.ActiveCfg = Release|Any CPU
		{C4CDF705-15D7-4C22-935A-8F69FB00BA23}.Release|Any CPU.Build.0 = Release|Any CPU
		{7F4EC866-CBE1-466F-9D5F-7AD4E62EF9F5}.Debug|Any CPU.ActiveCfg = Debug|Any CPU
		{7F4EC866-CBE1-466F-9D5F-7AD4E62EF9F5}.Debug|Any CPU.Build.0 = Debug|Any CPU
		{7F4EC866-CBE1-466F-9D5F-7AD4E62EF9F5}.Release|Any CPU.ActiveCfg = Release|Any CPU
		{7F4EC866-CBE1-466F-9D5F-7AD4E62EF9F5}.Release|Any CPU.Build.0 = Release|Any CPU
		{72E929F3-6160-4631-8048-FE1745300CEC}.Debug|Any CPU.ActiveCfg = Debug|Any CPU
		{72E929F3-6160-4631-8048-FE1745300CEC}.Debug|Any CPU.Build.0 = Debug|Any CPU
		{72E929F3-6160-4631-8048-FE1745300CEC}.Release|Any CPU.ActiveCfg = Release|Any CPU
		{72E929F3-6160-4631-8048-FE1745300CEC}.Release|Any CPU.Build.0 = Release|Any CPU
		{484B546E-7B72-4488-A71F-4137677328C7}.Debug|Any CPU.ActiveCfg = Debug|Any CPU
		{484B546E-7B72-4488-A71F-4137677328C7}.Debug|Any CPU.Build.0 = Debug|Any CPU
		{484B546E-7B72-4488-A71F-4137677328C7}.Release|Any CPU.ActiveCfg = Release|Any CPU
		{484B546E-7B72-4488-A71F-4137677328C7}.Release|Any CPU.Build.0 = Release|Any CPU
		{7FA0757A-1658-44DC-B7AE-5B1958FEC38E}.Debug|Any CPU.ActiveCfg = Debug|Any CPU
		{7FA0757A-1658-44DC-B7AE-5B1958FEC38E}.Debug|Any CPU.Build.0 = Debug|Any CPU
		{7FA0757A-1658-44DC-B7AE-5B1958FEC38E}.Release|Any CPU.ActiveCfg = Release|Any CPU
		{7FA0757A-1658-44DC-B7AE-5B1958FEC38E}.Release|Any CPU.Build.0 = Release|Any CPU
	EndGlobalSection
	GlobalSection(SolutionProperties) = preSolution
		HideSolutionNode = FALSE
	EndGlobalSection
	GlobalSection(ExtensibilityGlobals) = postSolution
		SolutionGuid = {08CBDBBF-B4AE-4BCF-A523-1220ABF47A71}
	EndGlobalSection
EndGlobal
