
Microsoft Visual Studio Solution File, Format Version 12.00
# Visual Studio 15
VisualStudioVersion = 15.0.27130.2027
MinimumVisualStudioVersion = 10.0.40219.1
Project("{FAE04EC0-301F-11D3-BF4B-00C04F79EFBC}") = "SortTimes", "SortTimes\SortTimes.csproj", "{93CDF867-F384-4DD1-9C7C-CF6FADE0719B}"
EndProject
Project("{FAE04EC0-301F-11D3-BF4B-00C04F79EFBC}") = "OddFilter", "OddFilter\OddFilter.csproj", "{253EAD9A-9A8B-4ED7-A713-4258E5816C8C}"
EndProject
Global
	GlobalSection(SolutionConfigurationPlatforms) = preSolution
		Debug|Any CPU = Debug|Any CPU
		Release|Any CPU = Release|Any CPU
	EndGlobalSection
	GlobalSection(ProjectConfigurationPlatforms) = postSolution
		{93CDF867-F384-4DD1-9C7C-CF6FADE0719B}.Debug|Any CPU.ActiveCfg = Debug|Any CPU
		{93CDF867-F384-4DD1-9C7C-CF6FADE0719B}.Debug|Any CPU.Build.0 = Debug|Any CPU
		{93CDF867-F384-4DD1-9C7C-CF6FADE0719B}.Release|Any CPU.ActiveCfg = Release|Any CPU
		{93CDF867-F384-4DD1-9C7C-CF6FADE0719B}.Release|Any CPU.Build.0 = Release|Any CPU
		{253EAD9A-9A8B-4ED7-A713-4258E5816C8C}.Debug|Any CPU.ActiveCfg = Debug|Any CPU
		{253EAD9A-9A8B-4ED7-A713-4258E5816C8C}.Debug|Any CPU.Build.0 = Debug|Any CPU
		{253EAD9A-9A8B-4ED7-A713-4258E5816C8C}.Release|Any CPU.ActiveCfg = Release|Any CPU
		{253EAD9A-9A8B-4ED7-A713-4258E5816C8C}.Release|Any CPU.Build.0 = Release|Any CPU
	EndGlobalSection
	GlobalSection(SolutionProperties) = preSolution
		HideSolutionNode = FALSE
	EndGlobalSection
	GlobalSection(ExtensibilityGlobals) = postSolution
		SolutionGuid = {8C5E920F-5493-40DB-9E57-4D27854F039C}
	EndGlobalSection
EndGlobal
