
Microsoft Visual Studio Solution File, Format Version 12.00
# Visual Studio 15
VisualStudioVersion = 15.0.27130.2027
MinimumVisualStudioVersion = 10.0.40219.1
Project("{FAE04EC0-301F-11D3-BF4B-00C04F79EFBC}") = "CountRealNumbers", "CountRealNumbers\CountRealNumbers.csproj", "{48B1D15C-2010-469A-9F84-91D9146C6D9D}"
EndProject
Project("{FAE04EC0-301F-11D3-BF4B-00C04F79EFBC}") = "OddOccurrences", "OddOccurrences\OddOccurrences.csproj", "{6D68E8B3-6BAC-47A2-A7E8-DDFBF139AE9B}"
EndProject
Project("{FAE04EC0-301F-11D3-BF4B-00C04F79EFBC}") = "SumMinMaxAverage", "SumMinMaxAverage\SumMinMaxAverage.csproj", "{67109D08-AA5E-406A-BEA8-03B31FF76787}"
EndProject
Project("{FAE04EC0-301F-11D3-BF4B-00C04F79EFBC}") = "Largest3Numbers", "Largest3Numbers\Largest3Numbers.csproj", "{6F29A8C0-E0D5-4086-A03E-56CD31C20FE6}"
EndProject
Project("{FAE04EC0-301F-11D3-BF4B-00C04F79EFBC}") = "ShortWordsSorted", "ShortWordsSorted\ShortWordsSorted.csproj", "{22BB5D5D-A10F-42CF-B666-C81263479E3C}"
EndProject
Global
	GlobalSection(SolutionConfigurationPlatforms) = preSolution
		Debug|Any CPU = Debug|Any CPU
		Release|Any CPU = Release|Any CPU
	EndGlobalSection
	GlobalSection(ProjectConfigurationPlatforms) = postSolution
		{48B1D15C-2010-469A-9F84-91D9146C6D9D}.Debug|Any CPU.ActiveCfg = Debug|Any CPU
		{48B1D15C-2010-469A-9F84-91D9146C6D9D}.Debug|Any CPU.Build.0 = Debug|Any CPU
		{48B1D15C-2010-469A-9F84-91D9146C6D9D}.Release|Any CPU.ActiveCfg = Release|Any CPU
		{48B1D15C-2010-469A-9F84-91D9146C6D9D}.Release|Any CPU.Build.0 = Release|Any CPU
		{6D68E8B3-6BAC-47A2-A7E8-DDFBF139AE9B}.Debug|Any CPU.ActiveCfg = Debug|Any CPU
		{6D68E8B3-6BAC-47A2-A7E8-DDFBF139AE9B}.Debug|Any CPU.Build.0 = Debug|Any CPU
		{6D68E8B3-6BAC-47A2-A7E8-DDFBF139AE9B}.Release|Any CPU.ActiveCfg = Release|Any CPU
		{6D68E8B3-6BAC-47A2-A7E8-DDFBF139AE9B}.Release|Any CPU.Build.0 = Release|Any CPU
		{67109D08-AA5E-406A-BEA8-03B31FF76787}.Debug|Any CPU.ActiveCfg = Debug|Any CPU
		{67109D08-AA5E-406A-BEA8-03B31FF76787}.Debug|Any CPU.Build.0 = Debug|Any CPU
		{67109D08-AA5E-406A-BEA8-03B31FF76787}.Release|Any CPU.ActiveCfg = Release|Any CPU
		{67109D08-AA5E-406A-BEA8-03B31FF76787}.Release|Any CPU.Build.0 = Release|Any CPU
		{6F29A8C0-E0D5-4086-A03E-56CD31C20FE6}.Debug|Any CPU.ActiveCfg = Debug|Any CPU
		{6F29A8C0-E0D5-4086-A03E-56CD31C20FE6}.Debug|Any CPU.Build.0 = Debug|Any CPU
		{6F29A8C0-E0D5-4086-A03E-56CD31C20FE6}.Release|Any CPU.ActiveCfg = Release|Any CPU
		{6F29A8C0-E0D5-4086-A03E-56CD31C20FE6}.Release|Any CPU.Build.0 = Release|Any CPU
		{22BB5D5D-A10F-42CF-B666-C81263479E3C}.Debug|Any CPU.ActiveCfg = Debug|Any CPU
		{22BB5D5D-A10F-42CF-B666-C81263479E3C}.Debug|Any CPU.Build.0 = Debug|Any CPU
		{22BB5D5D-A10F-42CF-B666-C81263479E3C}.Release|Any CPU.ActiveCfg = Release|Any CPU
		{22BB5D5D-A10F-42CF-B666-C81263479E3C}.Release|Any CPU.Build.0 = Release|Any CPU
	EndGlobalSection
	GlobalSection(SolutionProperties) = preSolution
		HideSolutionNode = FALSE
	EndGlobalSection
	GlobalSection(ExtensibilityGlobals) = postSolution
		SolutionGuid = {5C031CC0-3EF0-4E22-BE6B-02B39C83EBBD}
	EndGlobalSection
EndGlobal
