
Microsoft Visual Studio Solution File, Format Version 12.00
# Visual Studio 15
VisualStudioVersion = 15.0.27130.2027
MinimumVisualStudioVersion = 10.0.40219.1
Project("{FAE04EC0-301F-11D3-BF4B-00C04F79EFBC}") = "ExtractEmails", "ExtractEmails\ExtractEmails.csproj", "{D67CD746-521B-4D26-9674-F333805E2258}"
EndProject
Project("{FAE04EC0-301F-11D3-BF4B-00C04F79EFBC}") = "ExtractSentencesByKeyword", "ExtractSentencesByKeyword\ExtractSentencesByKeyword.csproj", "{9E985E37-2181-4E74-B8B6-CD9ED9B02E9E}"
EndProject
Project("{FAE04EC0-301F-11D3-BF4B-00C04F79EFBC}") = "CameraView", "CameraView\CameraView.csproj", "{D1254C70-5C2E-4A1E-B0B6-65F18F4DB67F}"
EndProject
Project("{FAE04EC0-301F-11D3-BF4B-00C04F79EFBC}") = "Weather", "Weather\Weather.csproj", "{9485616F-1FCB-4B95-8C63-AD2C167BB485}"
EndProject
Project("{FAE04EC0-301F-11D3-BF4B-00C04F79EFBC}") = "KeyReplacer", "KeyReplacer\KeyReplacer.csproj", "{A778B831-129D-4628-8516-EC0CAFC11F0D}"
EndProject
Project("{FAE04EC0-301F-11D3-BF4B-00C04F79EFBC}") = "ValidUsernames", "ValidUsernames\ValidUsernames.csproj", "{8077CC31-35AA-4784-87DD-44630C06BA63}"
EndProject
Project("{FAE04EC0-301F-11D3-BF4B-00C04F79EFBC}") = "QueryMess", "QueryMess\QueryMess.csproj", "{EAB41815-DA07-4CB9-9D0A-A0F131B2E9AA}"
EndProject
Project("{FAE04EC0-301F-11D3-BF4B-00C04F79EFBC}") = "UseYourChainsBuddy", "UseYourChainsBuddy\UseYourChainsBuddy.csproj", "{3E2754FC-ADFB-40FB-9A52-52F583B26513}"
EndProject
Global
	GlobalSection(SolutionConfigurationPlatforms) = preSolution
		Debug|Any CPU = Debug|Any CPU
		Release|Any CPU = Release|Any CPU
	EndGlobalSection
	GlobalSection(ProjectConfigurationPlatforms) = postSolution
		{D67CD746-521B-4D26-9674-F333805E2258}.Debug|Any CPU.ActiveCfg = Debug|Any CPU
		{D67CD746-521B-4D26-9674-F333805E2258}.Debug|Any CPU.Build.0 = Debug|Any CPU
		{D67CD746-521B-4D26-9674-F333805E2258}.Release|Any CPU.ActiveCfg = Release|Any CPU
		{D67CD746-521B-4D26-9674-F333805E2258}.Release|Any CPU.Build.0 = Release|Any CPU
		{9E985E37-2181-4E74-B8B6-CD9ED9B02E9E}.Debug|Any CPU.ActiveCfg = Debug|Any CPU
		{9E985E37-2181-4E74-B8B6-CD9ED9B02E9E}.Debug|Any CPU.Build.0 = Debug|Any CPU
		{9E985E37-2181-4E74-B8B6-CD9ED9B02E9E}.Release|Any CPU.ActiveCfg = Release|Any CPU
		{9E985E37-2181-4E74-B8B6-CD9ED9B02E9E}.Release|Any CPU.Build.0 = Release|Any CPU
		{D1254C70-5C2E-4A1E-B0B6-65F18F4DB67F}.Debug|Any CPU.ActiveCfg = Debug|Any CPU
		{D1254C70-5C2E-4A1E-B0B6-65F18F4DB67F}.Debug|Any CPU.Build.0 = Debug|Any CPU
		{D1254C70-5C2E-4A1E-B0B6-65F18F4DB67F}.Release|Any CPU.ActiveCfg = Release|Any CPU
		{D1254C70-5C2E-4A1E-B0B6-65F18F4DB67F}.Release|Any CPU.Build.0 = Release|Any CPU
		{9485616F-1FCB-4B95-8C63-AD2C167BB485}.Debug|Any CPU.ActiveCfg = Debug|Any CPU
		{9485616F-1FCB-4B95-8C63-AD2C167BB485}.Debug|Any CPU.Build.0 = Debug|Any CPU
		{9485616F-1FCB-4B95-8C63-AD2C167BB485}.Release|Any CPU.ActiveCfg = Release|Any CPU
		{9485616F-1FCB-4B95-8C63-AD2C167BB485}.Release|Any CPU.Build.0 = Release|Any CPU
		{A778B831-129D-4628-8516-EC0CAFC11F0D}.Debug|Any CPU.ActiveCfg = Debug|Any CPU
		{A778B831-129D-4628-8516-EC0CAFC11F0D}.Debug|Any CPU.Build.0 = Debug|Any CPU
		{A778B831-129D-4628-8516-EC0CAFC11F0D}.Release|Any CPU.ActiveCfg = Release|Any CPU
		{A778B831-129D-4628-8516-EC0CAFC11F0D}.Release|Any CPU.Build.0 = Release|Any CPU
		{8077CC31-35AA-4784-87DD-44630C06BA63}.Debug|Any CPU.ActiveCfg = Debug|Any CPU
		{8077CC31-35AA-4784-87DD-44630C06BA63}.Debug|Any CPU.Build.0 = Debug|Any CPU
		{8077CC31-35AA-4784-87DD-44630C06BA63}.Release|Any CPU.ActiveCfg = Release|Any CPU
		{8077CC31-35AA-4784-87DD-44630C06BA63}.Release|Any CPU.Build.0 = Release|Any CPU
		{EAB41815-DA07-4CB9-9D0A-A0F131B2E9AA}.Debug|Any CPU.ActiveCfg = Debug|Any CPU
		{EAB41815-DA07-4CB9-9D0A-A0F131B2E9AA}.Debug|Any CPU.Build.0 = Debug|Any CPU
		{EAB41815-DA07-4CB9-9D0A-A0F131B2E9AA}.Release|Any CPU.ActiveCfg = Release|Any CPU
		{EAB41815-DA07-4CB9-9D0A-A0F131B2E9AA}.Release|Any CPU.Build.0 = Release|Any CPU
		{3E2754FC-ADFB-40FB-9A52-52F583B26513}.Debug|Any CPU.ActiveCfg = Debug|Any CPU
		{3E2754FC-ADFB-40FB-9A52-52F583B26513}.Debug|Any CPU.Build.0 = Debug|Any CPU
		{3E2754FC-ADFB-40FB-9A52-52F583B26513}.Release|Any CPU.ActiveCfg = Release|Any CPU
		{3E2754FC-ADFB-40FB-9A52-52F583B26513}.Release|Any CPU.Build.0 = Release|Any CPU
	EndGlobalSection
	GlobalSection(SolutionProperties) = preSolution
		HideSolutionNode = FALSE
	EndGlobalSection
	GlobalSection(ExtensibilityGlobals) = postSolution
		SolutionGuid = {78047B6A-D882-464B-B9D0-CE7463D14183}
	EndGlobalSection
EndGlobal
